# This file is automatically @generated by Cargo.
# It is not intended for manual editing.
version = 4

[[package]]
name = "glyph-bundle"
version = "0.0.0"

[[package]]
name = "glyph-burn"
version = "0.0.0"
dependencies = [
 "glyph-parse",
 "glyph-rules",
 "glyph-stores",
 "glyph-util",
]

[[package]]
name = "glyph-cli"
version = "0.0.0"
dependencies = [
 "glyph-bundle",
 "glyph-burn",
 "glyph-envelope",
 "glyph-inverse",
 "glyph-parse",
 "glyph-stores",
 "glyph-util",
 "glyph-version",
 "glyph-xml",
]

[[package]]
name = "glyph-diff"
version = "0.0.0"
dependencies = [
 "glyph-envelope",
 "glyph-stores",
]

[[package]]
name = "glyph-envelope"
version = "0.0.0"
dependencies = [
 "glyph-parse",
 "glyph-stores",
 "glyph-util",
 "glyph-version",
 "glyph-vocab",
]

[[package]]
name = "glyph-inverse"
version = "0.0.0"
dependencies = [
 "glyph-util",
 "glyph-version",
 "glyph-vocab",
]

[[package]]
name = "glyph-lex"
version = "0.0.0"
dependencies = [
 "glyph-stores",
 "glyph-util",
 "glyph-vocab",
]

[[package]]
name = "glyph-logic"
version = "0.0.0"
dependencies = [
 "glyph-lex",
 "glyph-util",
]

[[package]]
name = "glyph-lsp"
version = "0.0.0"
dependencies = [
 "glyph-lex",
 "glyph-parse",
 "glyph-stores",
 "glyph-trace",
 "glyph-vocab",
]

[[package]]
name = "glyph-parse"
version = "0.0.0"
dependencies = [
 "glyph-lex",
 "glyph-logic",
 "glyph-rules",
 "glyph-stores",
 "glyph-templates",
 "glyph-util",
 "glyph-vocab",
]

[[package]]
name = "glyph-rules"
version = "0.0.0"
dependencies = [
 "glyph-stores",
 "glyph-util",
]

[[package]]
name = "glyph-schema"
version = "0.0.0"

[[package]]
name = "glyph-stores"
version = "0.0.0"
dependencies = [
 "glyph-util",
 "glyph-vocab",
]

[[package]]
name = "glyph-templates"
version = "0.0.0"
dependencies = [
 "glyph-rules",
 "glyph-stores",
 "glyph-util",
]

[[package]]
name = "glyph-trace"
version = "0.0.0"
dependencies = [
 "glyph-envelope",
]

[[package]]
name = "glyph-util"
version = "0.0.0"

[[package]]
name = "glyph-version"
version = "0.0.0"
dependencies = [
 "glyph-util",
]

[[package]]
name = "glyph-vocab"
version = "0.0.0"
dependencies = [
 "glyph-util",
]

[[package]]
name = "glyph-wasm"
version = "0.0.0"
dependencies = [
 "glyph-burn",
 "glyph-envelope",
 "glyph-inverse",
 "glyph-lex",
 "glyph-parse",
 "glyph-stores",
 "glyph-util",
 "glyph-vocab",
 "glyph-xml",
]

[[package]]
name = "glyph-xml"
version = "0.0.0"
dependencies = [
 "glyph-parse",
 "glyph-stores",
 "glyph-util",
 "glyph-version",
 "glyph-vocab",
]
